
Microsoft Visual Studio Solution File, Format Version 12.00
# Visual Studio Version 16
VisualStudioVersion = 16.0.31129.286
MinimumVisualStudioVersion = 10.0.40219.1
Project("{FAE04EC0-301F-11D3-BF4B-00C04F79EFBC}") = "IesWebPortal", "IesWebPortal\IesWebPortal.csproj", "{DD633255-3139-4386-BAB8-E5E44578FA1E}"
EndProject
Global
	GlobalSection(SolutionConfigurationPlatforms) = preSolution
		Debug|Any CPU = Debug|Any CPU
		Release|Any CPU = Release|Any CPU
	EndGlobalSection
	GlobalSection(ProjectConfigurationPlatforms) = postSolution
		{DD633255-3139-4386-BAB8-E5E44578FA1E}.Debug|Any CPU.ActiveCfg = Debug|Any CPU
		{DD633255-3139-4386-BAB8-E5E44578FA1E}.Debug|Any CPU.Build.0 = Debug|Any CPU
		{DD633255-3139-4386-BAB8-E5E44578FA1E}.Release|Any CPU.ActiveCfg = Release|Any CPU
		{DD633255-3139-4386-BAB8-E5E44578FA1E}.Release|Any CPU.Build.0 = Release|Any CPU
	EndGlobalSection
	GlobalSection(SolutionProperties) = preSolution
		HideSolutionNode = FALSE
	EndGlobalSection
	GlobalSection(ExtensibilityGlobals) = postSolution
		SolutionGuid = {7D641388-F3B4-4686-B06D-BB91A7FC597A}
	EndGlobalSection
EndGlobal
